
Microsoft Visual Studio Solution File, Format Version 12.00
# Visual Studio Version 17
VisualStudioVersion = 17.8.34330.188
MinimumVisualStudioVersion = 10.0.40219.1
Project("{9A19103F-16F7-4668-BE54-9A1E7A4F7556}") = "KafkaProjectTest", "KafkaProjectTest.csproj", "{EE8FA5C5-6862-405C-816B-04C7DA344232}"
EndProject
Project("{FAE04EC0-301F-11D3-BF4B-00C04F79EFBC}") = "KafKaProjectReceiverTest", "..\KafKaProjectReceiverTest\KafKaProjectReceiverTest.csproj", "{48DD76D7-0738-49EF-B2D0-7A71B6CB26DB}"
EndProject
Global
	GlobalSection(SolutionConfigurationPlatforms) = preSolution
		Debug|Any CPU = Debug|Any CPU
		Release|Any CPU = Release|Any CPU
	EndGlobalSection
	GlobalSection(ProjectConfigurationPlatforms) = postSolution
		{EE8FA5C5-6862-405C-816B-04C7DA344232}.Debug|Any CPU.ActiveCfg = Debug|Any CPU
		{EE8FA5C5-6862-405C-816B-04C7DA344232}.Debug|Any CPU.Build.0 = Debug|Any CPU
		{EE8FA5C5-6862-405C-816B-04C7DA344232}.Release|Any CPU.ActiveCfg = Release|Any CPU
		{EE8FA5C5-6862-405C-816B-04C7DA344232}.Release|Any CPU.Build.0 = Release|Any CPU
		{48DD76D7-0738-49EF-B2D0-7A71B6CB26DB}.Debug|Any CPU.ActiveCfg = Debug|Any CPU
		{48DD76D7-0738-49EF-B2D0-7A71B6CB26DB}.Debug|Any CPU.Build.0 = Debug|Any CPU
		{48DD76D7-0738-49EF-B2D0-7A71B6CB26DB}.Release|Any CPU.ActiveCfg = Release|Any CPU
		{48DD76D7-0738-49EF-B2D0-7A71B6CB26DB}.Release|Any CPU.Build.0 = Release|Any CPU
	EndGlobalSection
	GlobalSection(SolutionProperties) = preSolution
		HideSolutionNode = FALSE
	EndGlobalSection
	GlobalSection(ExtensibilityGlobals) = postSolution
		SolutionGuid = {DD0047A2-8862-4CA3-A565-000B24E064BE}
	EndGlobalSection
EndGlobal
